
Microsoft Visual Studio Solution File, Format Version 12.00
# Visual Studio Version 16
VisualStudioVersion = 16.0.29519.87
MinimumVisualStudioVersion = 10.0.40219.1
Project("{FAE04EC0-301F-11D3-BF4B-00C04F79EFBC}") = "PathfinderCharGen", "PathfinderCharGen\PathfinderCharGen.csproj", "{2E629C9F-DBAF-4154-B330-6A7F506576D4}"
EndProject
Global
	GlobalSection(SolutionConfigurationPlatforms) = preSolution
		Debug|Any CPU = Debug|Any CPU
		Release|Any CPU = Release|Any CPU
	EndGlobalSection
	GlobalSection(ProjectConfigurationPlatforms) = postSolution
		{2E629C9F-DBAF-4154-B330-6A7F506576D4}.Debug|Any CPU.ActiveCfg = Debug|Any CPU
		{2E629C9F-DBAF-4154-B330-6A7F506576D4}.Debug|Any CPU.Build.0 = Debug|Any CPU
		{2E629C9F-DBAF-4154-B330-6A7F506576D4}.Release|Any CPU.ActiveCfg = Release|Any CPU
		{2E629C9F-DBAF-4154-B330-6A7F506576D4}.Release|Any CPU.Build.0 = Release|Any CPU
	EndGlobalSection
	GlobalSection(SolutionProperties) = preSolution
		HideSolutionNode = FALSE
	EndGlobalSection
	GlobalSection(ExtensibilityGlobals) = postSolution
		SolutionGuid = {13291B9C-6DA1-4C2D-900D-D179BC2EED2E}
	EndGlobalSection
EndGlobal
